{
  "originHash" : "b905ad944e714e2dab2eefa49c6e00567f813c8083daa005d7428361b4c8a08d",
  "pins" : [
    {
      "identity" : "scriptrunner",
      "kind" : "remoteSourceControl",
      "location" : "https://github.com/codingiran/ScriptRunner.git",
      "state" : {
        "revision" : "2119204f5898f489d5c8569ba42cb93f823544dd",
        "version" : "0.0.2"
      }
    }
  ],
  "version" : 3
}
