{
  "originHash" : "bc72ad6510003166a12325943daa1bef7fa697ea26c126f19b96076ad3fab377",
  "pins" : [
    {
      "identity" : "scriptrunner",
      "kind" : "remoteSourceControl",
      "location" : "https://github.com/codingiran/ScriptRunner.git",
      "state" : {
        "revision" : "c1616e7abc66db5737beaae5adc6a8336b8385f1",
        "version" : "0.1.0"
      }
    }
  ],
  "version" : 3
}
